<?xml version="1.0" encoding="utf-8"?>
<Project ToolsVersion="4.0" xmlns="http://schemas.microsoft.com/developer/msbuild/2003">
  <ItemGroup>
    <Filter Include="Исходные файлы">
      <UniqueIdentifier>{4FC737F1-C7A5-4376-A066-2A32D752A2FF}</UniqueIdentifier>
      <Extensions>cpp;c;cc;cxx;def;odl;idl;hpj;bat;asm;asmx</Extensions>
    </Filter>
    <Filter Include="Файлы заголовков">
      <UniqueIdentifier>{93995380-89BD-4b04-88EB-625FBE52EBFB}</UniqueIdentifier>
      <Extensions>h;hh;hpp;hxx;hm;inl;inc;ipp;xsd</Extensions>
    </Filter>
    <Filter Include="Файлы ресурсов">
      <UniqueIdentifier>{67DA6AB6-F800-4c08-8B7A-83BB121AAD01}</UniqueIdentifier>
      <Extensions>rc;ico;cur;bmp;dlg;rc2;rct;bin;rgs;gif;jpg;jpeg;jpe;resx;tiff;tif;png;wav;mfcribbon-ms</Extensions>
    </Filter>
    <Filter Include="Parser">
      <UniqueIdentifier>{bf1bbec9-1dfc-4ac1-bdcb-40998f2b5c28}</UniqueIdentifier>
    </Filter>
    <Filter Include="Lexer">
      <UniqueIdentifier>{1e939517-b7c4-416c-8097-e016bb14b29f}</UniqueIdentifier>
    </Filter>
    <Filter Include="Lexer\Исходные файлы">
      <UniqueIdentifier>{bf5e6a74-b43d-4364-848b-9d4810a91db7}</UniqueIdentifier>
    </Filter>
    <Filter Include="Lexer\Файлы заголовков">
      <UniqueIdentifier>{657c0358-303d-41b2-9df1-f85dbc791dd1}</UniqueIdentifier>
    </Filter>
    <Filter Include="Lexer\StateMachine">
      <UniqueIdentifier>{a9ad49f0-9635-4855-a992-c5cd08035a53}</UniqueIdentifier>
    </Filter>
    <Filter Include="Lexer\StateMachine\Исходные файлы">
      <UniqueIdentifier>{1656f936-5122-4a65-b175-80f3a7e5896a}</UniqueIdentifier>
    </Filter>
    <Filter Include="Lexer\StateMachine\Файлы заголовков">
      <UniqueIdentifier>{efb114cd-c8d5-4586-9cc8-8e370952527f}</UniqueIdentifier>
    </Filter>
    <Filter Include="Lexer\StateMachine\UML">
      <UniqueIdentifier>{2f4a1518-791e-45c6-98fd-c8514b899dc3}</UniqueIdentifier>
    </Filter>
    <Filter Include="Parser\Исходные файлы">
      <UniqueIdentifier>{e58437a0-4718-469b-8000-610d4e11855f}</UniqueIdentifier>
    </Filter>
    <Filter Include="Parser\Файлы заголовков">
      <UniqueIdentifier>{a36ca408-3ce7-4990-ae79-fb0ed2b08303}</UniqueIdentifier>
    </Filter>
    <Filter Include="Documents">
      <UniqueIdentifier>{87dbc601-6157-46f9-98e6-2686de3eee4b}</UniqueIdentifier>
    </Filter>
  </ItemGroup>
  <ItemGroup>
    <ClCompile Include="main.cpp">
      <Filter>Исходные файлы</Filter>
    </ClCompile>
    <ClCompile Include="Lexer\Lexer.cpp">
      <Filter>Lexer\Исходные файлы</Filter>
    </ClCompile>
    <ClCompile Include="Lexer\StateMachine\StateMachine.cpp">
      <Filter>Lexer\StateMachine\Исходные файлы</Filter>
    </ClCompile>
    <ClCompile Include="Parser\Parser.cpp">
      <Filter>Parser\Исходные файлы</Filter>
    </ClCompile>
    <ClCompile Include="TableOfSymbols.cpp">
      <Filter>Исходные файлы</Filter>
    </ClCompile>
    <ClCompile Include="Parser\AST.cpp">
      <Filter>Parser\Исходные файлы</Filter>
    </ClCompile>
    <ClCompile Include="Lexer\StateMachine\StateOperation.cpp">
      <Filter>Lexer\StateMachine\Исходные файлы</Filter>
    </ClCompile>
    <ClCompile Include="Lexer\StateMachine\JumpTableNumber.cpp">
      <Filter>Lexer\StateMachine\Исходные файлы</Filter>
    </ClCompile>
    <ClCompile Include="Lexer\StateMachine\JumpTableName.cpp">
      <Filter>Lexer\StateMachine\Исходные файлы</Filter>
    </ClCompile>
  </ItemGroup>
  <ItemGroup>
    <ClInclude Include="AliasType.h">
      <Filter>Файлы заголовков</Filter>
    </ClInclude>
    <ClInclude Include="Lexer\Lexer.h">
      <Filter>Lexer\Файлы заголовков</Filter>
    </ClInclude>
    <ClInclude Include="Parser\Parser.h">
      <Filter>Parser\Файлы заголовков</Filter>
    </ClInclude>
    <ClInclude Include="TableOfSymbols.h">
      <Filter>Файлы заголовков</Filter>
    </ClInclude>
    <ClInclude Include="Parser\AST.h">
      <Filter>Parser\Файлы заголовков</Filter>
    </ClInclude>
    <ClInclude Include="Calculator.h">
      <Filter>Файлы заголовков</Filter>
    </ClInclude>
    <ClInclude Include="Lexer\Token.h">
      <Filter>Lexer\Файлы заголовков</Filter>
    </ClInclude>
    <ClInclude Include="Lexer\StateMachine\StateMachine.h">
      <Filter>Lexer\StateMachine\Файлы заголовков</Filter>
    </ClInclude>
    <ClInclude Include="Lexer\StateMachine\StateOperand.h">
      <Filter>Lexer\StateMachine\Файлы заголовков</Filter>
    </ClInclude>
    <ClInclude Include="Lexer\StateMachine\StateOperation.h">
      <Filter>Lexer\StateMachine\Файлы заголовков</Filter>
    </ClInclude>
    <ClInclude Include="Lexer\StateMachine\IState.h">
      <Filter>Lexer\StateMachine\Файлы заголовков</Filter>
    </ClInclude>
    <ClInclude Include="Lexer\StateMachine\JumpTableName.h">
      <Filter>Lexer\StateMachine\Файлы заголовков</Filter>
    </ClInclude>
    <ClInclude Include="Lexer\StateMachine\JumpTableNumber.h">
      <Filter>Lexer\StateMachine\Файлы заголовков</Filter>
    </ClInclude>
  </ItemGroup>
  <ItemGroup>
    <Text Include="Documents\ClassResponsibilities.txt">
      <Filter>Documents</Filter>
    </Text>
  </ItemGroup>
  <ItemGroup>
    <None Include="Documents\UML.vsdx">
      <Filter>Documents</Filter>
    </None>
  </ItemGroup>
</Project>