<?xml version="1.0" encoding="utf-8"?>
<Project ToolsVersion="4.0" xmlns="http://schemas.microsoft.com/developer/msbuild/2003">
  <ItemGroup>
    <Filter Include="Исходные файлы">
      <UniqueIdentifier>{4FC737F1-C7A5-4376-A066-2A32D752A2FF}</UniqueIdentifier>
      <Extensions>cpp;c;cc;cxx;def;odl;idl;hpj;bat;asm;asmx</Extensions>
    </Filter>
    <Filter Include="Файлы заголовков">
      <UniqueIdentifier>{93995380-89BD-4b04-88EB-625FBE52EBFB}</UniqueIdentifier>
      <Extensions>h;hh;hpp;hxx;hm;inl;inc;ipp;xsd</Extensions>
    </Filter>
    <Filter Include="Файлы ресурсов">
      <UniqueIdentifier>{67DA6AB6-F800-4c08-8B7A-83BB121AAD01}</UniqueIdentifier>
      <Extensions>rc;ico;cur;bmp;dlg;rc2;rct;bin;rgs;gif;jpg;jpeg;jpe;resx;tiff;tif;png;wav;mfcribbon-ms</Extensions>
    </Filter>
    <Filter Include="Parser">
      <UniqueIdentifier>{bf1bbec9-1dfc-4ac1-bdcb-40998f2b5c28}</UniqueIdentifier>
    </Filter>
    <Filter Include="Parser\Исходные файлы">
      <UniqueIdentifier>{e58437a0-4718-469b-8000-610d4e11855f}</UniqueIdentifier>
    </Filter>
    <Filter Include="Parser\Файлы заголовков">
      <UniqueIdentifier>{a36ca408-3ce7-4990-ae79-fb0ed2b08303}</UniqueIdentifier>
    </Filter>
    <Filter Include="Documents">
      <UniqueIdentifier>{87dbc601-6157-46f9-98e6-2686de3eee4b}</UniqueIdentifier>
    </Filter>
    <Filter Include="Parser\Lexer">
      <UniqueIdentifier>{1e939517-b7c4-416c-8097-e016bb14b29f}</UniqueIdentifier>
    </Filter>
    <Filter Include="Parser\Lexer\Исходные файлы">
      <UniqueIdentifier>{bf5e6a74-b43d-4364-848b-9d4810a91db7}</UniqueIdentifier>
    </Filter>
    <Filter Include="Parser\Lexer\Файлы заголовков">
      <UniqueIdentifier>{659c309e-be55-45a1-98bd-56ba099d6b38}</UniqueIdentifier>
    </Filter>
  </ItemGroup>
  <ItemGroup>
    <ClCompile Include="main.cpp">
      <Filter>Исходные файлы</Filter>
    </ClCompile>
    <ClCompile Include="Calculator.cpp">
      <Filter>Исходные файлы</Filter>
    </ClCompile>
    <ClCompile Include="Parser\Parser.cpp">
      <Filter>Parser\Исходные файлы</Filter>
    </ClCompile>
    <ClCompile Include="Parser\Lexer\LexemeState.cpp">
      <Filter>Parser\Lexer\Исходные файлы</Filter>
    </ClCompile>
    <ClCompile Include="Parser\Lexer\LexemeStateImpl.cpp">
      <Filter>Parser\Lexer\Исходные файлы</Filter>
    </ClCompile>
    <ClCompile Include="Parser\Lexer\Lexer.cpp">
      <Filter>Parser\Lexer\Исходные файлы</Filter>
    </ClCompile>
    <ClCompile Include="Parser\ParserState.cpp">
      <Filter>Parser\Исходные файлы</Filter>
    </ClCompile>
  </ItemGroup>
  <ItemGroup>
    <ClInclude Include="Calculator.h">
      <Filter>Файлы заголовков</Filter>
    </ClInclude>
    <ClInclude Include="Parser\Lexer\LexemeState.h">
      <Filter>Parser\Lexer\Файлы заголовков</Filter>
    </ClInclude>
    <ClInclude Include="Parser\Lexer\LexemeStateImpl.h">
      <Filter>Parser\Lexer\Файлы заголовков</Filter>
    </ClInclude>
    <ClInclude Include="Parser\Lexer\TableOfSymbols.h">
      <Filter>Parser\Lexer\Файлы заголовков</Filter>
    </ClInclude>
    <ClInclude Include="Parser\Lexer\Token.h">
      <Filter>Parser\Lexer\Файлы заголовков</Filter>
    </ClInclude>
    <ClInclude Include="Parser\Parser.h">
      <Filter>Parser\Файлы заголовков</Filter>
    </ClInclude>
    <ClInclude Include="Parser\Lexer\Lexer.h">
      <Filter>Parser\Lexer\Файлы заголовков</Filter>
    </ClInclude>
    <ClInclude Include="Parser\ParseTree.h">
      <Filter>Parser\Файлы заголовков</Filter>
    </ClInclude>
    <ClInclude Include="Parser\Lexer\ExceptionLexer.h">
      <Filter>Parser\Lexer\Файлы заголовков</Filter>
    </ClInclude>
    <ClInclude Include="Parser\ParserState.h">
      <Filter>Parser\Файлы заголовков</Filter>
    </ClInclude>
  </ItemGroup>
  <ItemGroup>
    <Text Include="Documents\ClassResponsibilities.txt">
      <Filter>Documents</Filter>
    </Text>
  </ItemGroup>
  <ItemGroup>
    <None Include="Documents\UML.vsdx">
      <Filter>Documents</Filter>
    </None>
  </ItemGroup>
</Project>